
Microsoft Visual Studio Solution File, Format Version 12.00
# Visual Studio Version 16
VisualStudioVersion = 16.0.30503.244
MinimumVisualStudioVersion = 10.0.40219.1
Project("{9A19103F-16F7-4668-BE54-9A1E7A4F7556}") = "HotelFinder.Entites", "HotelFinder.Entites\HotelFinder.Entites.csproj", "{EA0AFF5B-0A3C-41D0-90EE-2EFC6048451F}"
EndProject
Project("{9A19103F-16F7-4668-BE54-9A1E7A4F7556}") = "HotelFinder.DataAccess", "HotelFinder.DataAccess\HotelFinder.DataAccess.csproj", "{38F340B8-C2F7-40EE-91F3-90D596A61C37}"
EndProject
Project("{9A19103F-16F7-4668-BE54-9A1E7A4F7556}") = "HotelFinder.Business", "HotelFinder.Business\HotelFinder.Business.csproj", "{1B6AA7A5-8FB5-41D8-B6E9-862EE4BB2DB2}"
EndProject
Project("{9A19103F-16F7-4668-BE54-9A1E7A4F7556}") = "HotelFinder.API", "HotelFinder.API\HotelFinder.API.csproj", "{FB11755F-EB3E-4116-AE48-832A261EE112}"
EndProject
Global
	GlobalSection(SolutionConfigurationPlatforms) = preSolution
		Debug|Any CPU = Debug|Any CPU
		Release|Any CPU = Release|Any CPU
	EndGlobalSection
	GlobalSection(ProjectConfigurationPlatforms) = postSolution
		{EA0AFF5B-0A3C-41D0-90EE-2EFC6048451F}.Debug|Any CPU.ActiveCfg = Debug|Any CPU
		{EA0AFF5B-0A3C-41D0-90EE-2EFC6048451F}.Debug|Any CPU.Build.0 = Debug|Any CPU
		{EA0AFF5B-0A3C-41D0-90EE-2EFC6048451F}.Release|Any CPU.ActiveCfg = Release|Any CPU
		{EA0AFF5B-0A3C-41D0-90EE-2EFC6048451F}.Release|Any CPU.Build.0 = Release|Any CPU
		{38F340B8-C2F7-40EE-91F3-90D596A61C37}.Debug|Any CPU.ActiveCfg = Debug|Any CPU
		{38F340B8-C2F7-40EE-91F3-90D596A61C37}.Debug|Any CPU.Build.0 = Debug|Any CPU
		{38F340B8-C2F7-40EE-91F3-90D596A61C37}.Release|Any CPU.ActiveCfg = Release|Any CPU
		{38F340B8-C2F7-40EE-91F3-90D596A61C37}.Release|Any CPU.Build.0 = Release|Any CPU
		{1B6AA7A5-8FB5-41D8-B6E9-862EE4BB2DB2}.Debug|Any CPU.ActiveCfg = Debug|Any CPU
		{1B6AA7A5-8FB5-41D8-B6E9-862EE4BB2DB2}.Debug|Any CPU.Build.0 = Debug|Any CPU
		{1B6AA7A5-8FB5-41D8-B6E9-862EE4BB2DB2}.Release|Any CPU.ActiveCfg = Release|Any CPU
		{1B6AA7A5-8FB5-41D8-B6E9-862EE4BB2DB2}.Release|Any CPU.Build.0 = Release|Any CPU
		{FB11755F-EB3E-4116-AE48-832A261EE112}.Debug|Any CPU.ActiveCfg = Debug|Any CPU
		{FB11755F-EB3E-4116-AE48-832A261EE112}.Debug|Any CPU.Build.0 = Debug|Any CPU
		{FB11755F-EB3E-4116-AE48-832A261EE112}.Release|Any CPU.ActiveCfg = Release|Any CPU
		{FB11755F-EB3E-4116-AE48-832A261EE112}.Release|Any CPU.Build.0 = Release|Any CPU
	EndGlobalSection
	GlobalSection(SolutionProperties) = preSolution
		HideSolutionNode = FALSE
	EndGlobalSection
	GlobalSection(ExtensibilityGlobals) = postSolution
		SolutionGuid = {4C84E80C-24C2-4429-98B5-32A38BC9D250}
	EndGlobalSection
EndGlobal
